{
  "name": "slack-bot-post-man-from-sns-lambda",
  "version": "0.1.0",
  "lockfileVersion": 3,
  "requires": true,
  "packages": {
    "": {
      "name": "slack-bot-post-man-from-sns-lambda",
      "version": "0.1.0",
      "devDependencies": {
        "@types/aws-lambda": "^8.10.110",
        "@types/node": "^18.11.9",
        "typescript": "^5.0.0"
      }
    },
    "node_modules/@types/aws-lambda": {
      "version": "8.10.126",
      "resolved": "https://registry.npmjs.org/@types/aws-lambda/-/aws-lambda-8.10.126.tgz",
      "integrity": "sha512-5eh4ffLdGYgGYI1Xr6W5L4IVse4RR7L2ns5OVUXA52nW5GFapIcGMcCzHAIMMOdpcQs3aGVxbvFlJNZH6IpgEQ==",
      "dev": true
    },
    "node_modules/@types/node": {
      "version": "18.18.10",
      "resolved": "https://registry.npmjs.org/@types/node/-/node-18.18.10.tgz",
      "integrity": "sha512-luANqZxPmjTll8bduz4ACs/lNTCLuWssCyjqTY9yLdsv1xnViQp3ISKwsEWOIecO13JWUqjVdig/Vjjc09o8uA==",
      "dev": true,
      "dependencies": {
        "undici-types": "~5.26.4"
      }
    },
    "node_modules/typescript": {
      "version": "5.3.3",
      "resolved": "https://registry.npmjs.org/typescript/-/typescript-5.3.3.tgz",
      "integrity": "sha512-pXWcraxM0uxAS+tN0AG/BF2TyqmHO014Z070UsJ+pFvYuRSq8KH8DmWpnbXe0pEPDHXZV3FcAbJkijJ5oNEnWw==",
      "dev": true,
      "bin": {
        "tsc": "bin/tsc",
        "tsserver": "bin/tsserver"
      },
      "engines": {
        "node": ">=14.17"
      }
    },
    "node_modules/undici-types": {
      "version": "5.26.5",
      "resolved": "https://registry.npmjs.org/undici-types/-/undici-types-5.26.5.tgz",
      "integrity": "sha512-JlCMO+ehdEIKqlFxk6IfVoAUVmgz7cU7zD/h9XZ0qzeosSHmUJVOzSQvvYSYWXkFXC+IfLKSIffhv0sVZup6pA==",
      "dev": true
    }
  }
}
